
Microsoft Visual Studio Solution File, Format Version 12.00
# Visual Studio Version 17
VisualStudioVersion = 17.2.32519.379
MinimumVisualStudioVersion = 10.0.40219.1
Project("{FAE04EC0-301F-11D3-BF4B-00C04F79EFBC}") = "RiichiMahjong", "RiichiMahjong\RiichiMahjong.csproj", "{8957D087-09AD-48E5-9A71-2001996BE312}"
EndProject
Global
	GlobalSection(SolutionConfigurationPlatforms) = preSolution
		Debug|Any CPU = Debug|Any CPU
		Release|Any CPU = Release|Any CPU
	EndGlobalSection
	GlobalSection(ProjectConfigurationPlatforms) = postSolution
		{8957D087-09AD-48E5-9A71-2001996BE312}.Debug|Any CPU.ActiveCfg = Debug|Any CPU
		{8957D087-09AD-48E5-9A71-2001996BE312}.Debug|Any CPU.Build.0 = Debug|Any CPU
		{8957D087-09AD-48E5-9A71-2001996BE312}.Release|Any CPU.ActiveCfg = Release|Any CPU
		{8957D087-09AD-48E5-9A71-2001996BE312}.Release|Any CPU.Build.0 = Release|Any CPU
	EndGlobalSection
	GlobalSection(SolutionProperties) = preSolution
		HideSolutionNode = FALSE
	EndGlobalSection
	GlobalSection(ExtensibilityGlobals) = postSolution
		SolutionGuid = {77F5CB78-F5A8-4824-B1D2-820CF3E579F7}
	EndGlobalSection
EndGlobal
